// !$*UTF8*$!
{
	archiveVersion = 1;
	classes = {
	};
	objectVersion = 55;
	objects = {

/* Begin PBXBuildFile section */
		9712A2A82849A097005A819E /* Date.swift in Sources */ = {isa = PBXBuildFile; fileRef = 9712A2A72849A097005A819E /* Date.swift */; };
		9712A2AA2849C5C2005A819E /* Semester.swift in Sources */ = {isa = PBXBuildFile; fileRef = 9712A2A92849C5C2005A819E /* Semester.swift */; };
		9712A2AC284C17AD005A819E /* Student.swift in Sources */ = {isa = PBXBuildFile; fileRef = 9712A2AB284C17AD005A819E /* Student.swift */; };
		9712A2AE284C451D005A819E /* ListViewController.swift in Sources */ = {isa = PBXBuildFile; fileRef = 9712A2AD284C451D005A819E /* ListViewController.swift */; };
		9791CFA22843EC7D00C553BC /* AppDelegate.swift in Sources */ = {isa = PBXBuildFile; fileRef = 9791CFA12843EC7D00C553BC /* AppDelegate.swift */; };
		9791CFA42843EC7D00C553BC /* SceneDelegate.swift in Sources */ = {isa = PBXBuildFile; fileRef = 9791CFA32843EC7D00C553BC /* SceneDelegate.swift */; };
		9791CFA62843EC7D00C553BC /* ViewController.swift in Sources */ = {isa = PBXBuildFile; fileRef = 9791CFA52843EC7D00C553BC /* ViewController.swift */; };
		9791CFA92843EC7D00C553BC /* Main.storyboard in Resources */ = {isa = PBXBuildFile; fileRef = 9791CFA72843EC7D00C553BC /* Main.storyboard */; };
		9791CFAB2843EC8300C553BC /* Assets.xcassets in Resources */ = {isa = PBXBuildFile; fileRef = 9791CFAA2843EC8300C553BC /* Assets.xcassets */; };
		9791CFAE2843EC8300C553BC /* LaunchScreen.storyboard in Resources */ = {isa = PBXBuildFile; fileRef = 9791CFAC2843EC8300C553BC /* LaunchScreen.storyboard */; };
		9791CFB92843EC8400C553BC /* CollegeDoriTests.swift in Sources */ = {isa = PBXBuildFile; fileRef = 9791CFB82843EC8400C553BC /* CollegeDoriTests.swift */; };
		9791CFC32843EC8400C553BC /* CollegeDoriUITests.swift in Sources */ = {isa = PBXBuildFile; fileRef = 9791CFC22843EC8400C553BC /* CollegeDoriUITests.swift */; };
		9791CFC52843EC8400C553BC /* CollegeDoriUITestsLaunchTests.swift in Sources */ = {isa = PBXBuildFile; fileRef = 9791CFC42843EC8400C553BC /* CollegeDoriUITestsLaunchTests.swift */; };
		9794E14E284D9DD3005F1D02 /* SchoolYear.swift in Sources */ = {isa = PBXBuildFile; fileRef = 9794E14D284D9DD3005F1D02 /* SchoolYear.swift */; };
		9794E150284DA045005F1D02 /* OSUDoriData.swift in Sources */ = {isa = PBXBuildFile; fileRef = 9794E14F284DA045005F1D02 /* OSUDoriData.swift */; };
		97CCF70B284553A4000E359D /* RegisterViewController.swift in Sources */ = {isa = PBXBuildFile; fileRef = 97CCF70A284553A4000E359D /* RegisterViewController.swift */; };
/* End PBXBuildFile section */

/* Begin PBXContainerItemProxy section */
		9791CFB52843EC8400C553BC /* PBXContainerItemProxy */ = {
			isa = PBXContainerItemProxy;
			containerPortal = 9791CF962843EC7D00C553BC /* Project object */;
			proxyType = 1;
			remoteGlobalIDString = 9791CF9D2843EC7D00C553BC;
			remoteInfo = CollegeDori;
		};
		9791CFBF2843EC8400C553BC /* PBXContainerItemProxy */ = {
			isa = PBXContainerItemProxy;
			containerPortal = 9791CF962843EC7D00C553BC /* Project object */;
			proxyType = 1;
			remoteGlobalIDString = 9791CF9D2843EC7D00C553BC;
			remoteInfo = CollegeDori;
		};
/* End PBXContainerItemProxy section */

/* Begin PBXFileReference section */
		9712A2A72849A097005A819E /* Date.swift */ = {isa = PBXFileReference; lastKnownFileType = sourcecode.swift; path = Date.swift; sourceTree = "<group>"; };
		9712A2A92849C5C2005A819E /* Semester.swift */ = {isa = PBXFileReference; lastKnownFileType = sourcecode.swift; path = Semester.swift; sourceTree = "<group>"; };
		9712A2AB284C17AD005A819E /* Student.swift */ = {isa = PBXFileReference; lastKnownFileType = sourcecode.swift; path = Student.swift; sourceTree = "<group>"; };
		9712A2AD284C451D005A819E /* ListViewController.swift */ = {isa = PBXFileReference; lastKnownFileType = sourcecode.swift; path = ListViewController.swift; sourceTree = "<group>"; };
		9791CF9E2843EC7D00C553BC /* CollegeDori.app */ = {isa = PBXFileReference; explicitFileType = wrapper.application; includeInIndex = 0; path = CollegeDori.app; sourceTree = BUILT_PRODUCTS_DIR; };
		9791CFA12843EC7D00C553BC /* AppDelegate.swift */ = {isa = PBXFileReference; lastKnownFileType = sourcecode.swift; path = AppDelegate.swift; sourceTree = "<group>"; };
		9791CFA32843EC7D00C553BC /* SceneDelegate.swift */ = {isa = PBXFileReference; lastKnownFileType = sourcecode.swift; path = SceneDelegate.swift; sourceTree = "<group>"; };
		9791CFA52843EC7D00C553BC /* ViewController.swift */ = {isa = PBXFileReference; lastKnownFileType = sourcecode.swift; path = ViewController.swift; sourceTree = "<group>"; };
		9791CFA82843EC7D00C553BC /* Base */ = {isa = PBXFileReference; lastKnownFileType = file.storyboard; name = Base; path = Base.lproj/Main.storyboard; sourceTree = "<group>"; };
		9791CFAA2843EC8300C553BC /* Assets.xcassets */ = {isa = PBXFileReference; lastKnownFileType = folder.assetcatalog; path = Assets.xcassets; sourceTree = "<group>"; };
		9791CFAD2843EC8300C553BC /* Base */ = {isa = PBXFileReference; lastKnownFileType = file.storyboard; name = Base; path = Base.lproj/LaunchScreen.storyboard; sourceTree = "<group>"; };
		9791CFAF2843EC8300C553BC /* Info.plist */ = {isa = PBXFileReference; lastKnownFileType = text.plist.xml; path = Info.plist; sourceTree = "<group>"; };
		9791CFB42843EC8400C553BC /* CollegeDoriTests.xctest */ = {isa = PBXFileReference; explicitFileType = wrapper.cfbundle; includeInIndex = 0; path = CollegeDoriTests.xctest; sourceTree = BUILT_PRODUCTS_DIR; };
		9791CFB82843EC8400C553BC /* CollegeDoriTests.swift */ = {isa = PBXFileReference; lastKnownFileType = sourcecode.swift; path = CollegeDoriTests.swift; sourceTree = "<group>"; };
		9791CFBE2843EC8400C553BC /* CollegeDoriUITests.xctest */ = {isa = PBXFileReference; explicitFileType = wrapper.cfbundle; includeInIndex = 0; path = CollegeDoriUITests.xctest; sourceTree = BUILT_PRODUCTS_DIR; };
		9791CFC22843EC8400C553BC /* CollegeDoriUITests.swift */ = {isa = PBXFileReference; lastKnownFileType = sourcecode.swift; path = CollegeDoriUITests.swift; sourceTree = "<group>"; };
		9791CFC42843EC8400C553BC /* CollegeDoriUITestsLaunchTests.swift */ = {isa = PBXFileReference; lastKnownFileType = sourcecode.swift; path = CollegeDoriUITestsLaunchTests.swift; sourceTree = "<group>"; };
		9794E14D284D9DD3005F1D02 /* SchoolYear.swift */ = {isa = PBXFileReference; lastKnownFileType = sourcecode.swift; path = SchoolYear.swift; sourceTree = "<group>"; };
		9794E14F284DA045005F1D02 /* OSUDoriData.swift */ = {isa = PBXFileReference; lastKnownFileType = sourcecode.swift; path = OSUDoriData.swift; sourceTree = "<group>"; };
		97CCF70A284553A4000E359D /* RegisterViewController.swift */ = {isa = PBXFileReference; lastKnownFileType = sourcecode.swift; path = RegisterViewController.swift; sourceTree = "<group>"; };
/* End PBXFileReference section */

/* Begin PBXFrameworksBuildPhase section */
		9791CF9B2843EC7D00C553BC /* Frameworks */ = {
			isa = PBXFrameworksBuildPhase;
			buildActionMask = 2147483647;
			files = (
			);
			runOnlyForDeploymentPostprocessing = 0;
		};
		9791CFB12843EC8400C553BC /* Frameworks */ = {
			isa = PBXFrameworksBuildPhase;
			buildActionMask = 2147483647;
			files = (
			);
			runOnlyForDeploymentPostprocessing = 0;
		};
		9791CFBB2843EC8400C553BC /* Frameworks */ = {
			isa = PBXFrameworksBuildPhase;
			buildActionMask = 2147483647;
			files = (
			);
			runOnlyForDeploymentPostprocessing = 0;
		};
/* End PBXFrameworksBuildPhase section */

/* Begin PBXGroup section */
		9791CF952843EC7D00C553BC = {
			isa = PBXGroup;
			children = (
				9791CFA02843EC7D00C553BC /* CollegeDori */,
				9791CFB72843EC8400C553BC /* CollegeDoriTests */,
				9791CFC12843EC8400C553BC /* CollegeDoriUITests */,
				9791CF9F2843EC7D00C553BC /* Products */,
			);
			sourceTree = "<group>";
		};
		9791CF9F2843EC7D00C553BC /* Products */ = {
			isa = PBXGroup;
			children = (
				9791CF9E2843EC7D00C553BC /* CollegeDori.app */,
				9791CFB42843EC8400C553BC /* CollegeDoriTests.xctest */,
				9791CFBE2843EC8400C553BC /* CollegeDoriUITests.xctest */,
			);
			name = Products;
			sourceTree = "<group>";
		};
		9791CFA02843EC7D00C553BC /* CollegeDori */ = {
			isa = PBXGroup;
			children = (
				9791CFA12843EC7D00C553BC /* AppDelegate.swift */,
				9712A2AB284C17AD005A819E /* Student.swift */,
				9791CFA32843EC7D00C553BC /* SceneDelegate.swift */,
				9791CFA52843EC7D00C553BC /* ViewController.swift */,
				9712A2A72849A097005A819E /* Date.swift */,
				9794E14F284DA045005F1D02 /* OSUDoriData.swift */,
				9794E14D284D9DD3005F1D02 /* SchoolYear.swift */,
				9712A2A92849C5C2005A819E /* Semester.swift */,
				97CCF70A284553A4000E359D /* RegisterViewController.swift */,
				9791CFA72843EC7D00C553BC /* Main.storyboard */,
				9712A2AD284C451D005A819E /* ListViewController.swift */,
				9791CFAA2843EC8300C553BC /* Assets.xcassets */,
				9791CFAC2843EC8300C553BC /* LaunchScreen.storyboard */,
				9791CFAF2843EC8300C553BC /* Info.plist */,
			);
			path = CollegeDori;
			sourceTree = "<group>";
		};
		9791CFB72843EC8400C553BC /* CollegeDoriTests */ = {
			isa = PBXGroup;
			children = (
				9791CFB82843EC8400C553BC /* CollegeDoriTests.swift */,
			);
			path = CollegeDoriTests;
			sourceTree = "<group>";
		};
		9791CFC12843EC8400C553BC /* CollegeDoriUITests */ = {
			isa = PBXGroup;
			children = (
				9791CFC22843EC8400C553BC /* CollegeDoriUITests.swift */,
				9791CFC42843EC8400C553BC /* CollegeDoriUITestsLaunchTests.swift */,
			);
			path = CollegeDoriUITests;
			sourceTree = "<group>";
		};
/* End PBXGroup section */

/* Begin PBXNativeTarget section */
		9791CF9D2843EC7D00C553BC /* CollegeDori */ = {
			isa = PBXNativeTarget;
			buildConfigurationList = 9791CFC82843EC8400C553BC /* Build configuration list for PBXNativeTarget "CollegeDori" */;
			buildPhases = (
				9791CF9A2843EC7D00C553BC /* Sources */,
				9791CF9B2843EC7D00C553BC /* Frameworks */,
				9791CF9C2843EC7D00C553BC /* Resources */,
			);
			buildRules = (
			);
			dependencies = (
			);
			name = CollegeDori;
			productName = CollegeDori;
			productReference = 9791CF9E2843EC7D00C553BC /* CollegeDori.app */;
			productType = "com.apple.product-type.application";
		};
		9791CFB32843EC8400C553BC /* CollegeDoriTests */ = {
			isa = PBXNativeTarget;
			buildConfigurationList = 9791CFCB2843EC8400C553BC /* Build configuration list for PBXNativeTarget "CollegeDoriTests" */;
			buildPhases = (
				9791CFB02843EC8400C553BC /* Sources */,
				9791CFB12843EC8400C553BC /* Frameworks */,
				9791CFB22843EC8400C553BC /* Resources */,
			);
			buildRules = (
			);
			dependencies = (
				9791CFB62843EC8400C553BC /* PBXTargetDependency */,
			);
			name = CollegeDoriTests;
			productName = CollegeDoriTests;
			productReference = 9791CFB42843EC8400C553BC /* CollegeDoriTests.xctest */;
			productType = "com.apple.product-type.bundle.unit-test";
		};
		9791CFBD2843EC8400C553BC /* CollegeDoriUITests */ = {
			isa = PBXNativeTarget;
			buildConfigurationList = 9791CFCE2843EC8400C553BC /* Build configuration list for PBXNativeTarget "CollegeDoriUITests" */;
			buildPhases = (
				9791CFBA2843EC8400C553BC /* Sources */,
				9791CFBB2843EC8400C553BC /* Frameworks */,
				9791CFBC2843EC8400C553BC /* Resources */,
			);
			buildRules = (
			);
			dependencies = (
				9791CFC02843EC8400C553BC /* PBXTargetDependency */,
			);
			name = CollegeDoriUITests;
			productName = CollegeDoriUITests;
			productReference = 9791CFBE2843EC8400C553BC /* CollegeDoriUITests.xctest */;
			productType = "com.apple.product-type.bundle.ui-testing";
		};
/* End PBXNativeTarget section */

/* Begin PBXProject section */
		9791CF962843EC7D00C553BC /* Project object */ = {
			isa = PBXProject;
			attributes = {
				BuildIndependentTargetsInParallel = 1;
				LastSwiftUpdateCheck = 1330;
				LastUpgradeCheck = 1330;
				TargetAttributes = {
					9791CF9D2843EC7D00C553BC = {
						CreatedOnToolsVersion = 13.3.1;
					};
					9791CFB32843EC8400C553BC = {
						CreatedOnToolsVersion = 13.3.1;
						TestTargetID = 9791CF9D2843EC7D00C553BC;
					};
					9791CFBD2843EC8400C553BC = {
						CreatedOnToolsVersion = 13.3.1;
						TestTargetID = 9791CF9D2843EC7D00C553BC;
					};
				};
			};
			buildConfigurationList = 9791CF992843EC7D00C553BC /* Build configuration list for PBXProject "CollegeDori" */;
			compatibilityVersion = "Xcode 13.0";
			developmentRegion = en;
			hasScannedForEncodings = 0;
			knownRegions = (
				en,
				Base,
			);
			mainGroup = 9791CF952843EC7D00C553BC;
			productRefGroup = 9791CF9F2843EC7D00C553BC /* Products */;
			projectDirPath = "";
			projectRoot = "";
			targets = (
				9791CF9D2843EC7D00C553BC /* CollegeDori */,
				9791CFB32843EC8400C553BC /* CollegeDoriTests */,
				9791CFBD2843EC8400C553BC /* CollegeDoriUITests */,
			);
		};
/* End PBXProject section */

/* Begin PBXResourcesBuildPhase section */
		9791CF9C2843EC7D00C553BC /* Resources */ = {
			isa = PBXResourcesBuildPhase;
			buildActionMask = 2147483647;
			files = (
				9791CFAE2843EC8300C553BC /* LaunchScreen.storyboard in Resources */,
				9791CFAB2843EC8300C553BC /* Assets.xcassets in Resources */,
				9791CFA92843EC7D00C553BC /* Main.storyboard in Resources */,
			);
			runOnlyForDeploymentPostprocessing = 0;
		};
		9791CFB22843EC8400C553BC /* Resources */ = {
			isa = PBXResourcesBuildPhase;
			buildActionMask = 2147483647;
			files = (
			);
			runOnlyForDeploymentPostprocessing = 0;
		};
		9791CFBC2843EC8400C553BC /* Resources */ = {
			isa = PBXResourcesBuildPhase;
			buildActionMask = 2147483647;
			files = (
			);
			runOnlyForDeploymentPostprocessing = 0;
		};
/* End PBXResourcesBuildPhase section */

/* Begin PBXSourcesBuildPhase section */
		9791CF9A2843EC7D00C553BC /* Sources */ = {
			isa = PBXSourcesBuildPhase;
			buildActionMask = 2147483647;
			files = (
				9791CFA62843EC7D00C553BC /* ViewController.swift in Sources */,
				9712A2AA2849C5C2005A819E /* Semester.swift in Sources */,
				9712A2A82849A097005A819E /* Date.swift in Sources */,
				9791CFA22843EC7D00C553BC /* AppDelegate.swift in Sources */,
				9791CFA42843EC7D00C553BC /* SceneDelegate.swift in Sources */,
				9712A2AC284C17AD005A819E /* Student.swift in Sources */,
				9712A2AE284C451D005A819E /* ListViewController.swift in Sources */,
				9794E150284DA045005F1D02 /* OSUDoriData.swift in Sources */,
				9794E14E284D9DD3005F1D02 /* SchoolYear.swift in Sources */,
				97CCF70B284553A4000E359D /* RegisterViewController.swift in Sources */,
			);
			runOnlyForDeploymentPostprocessing = 0;
		};
		9791CFB02843EC8400C553BC /* Sources */ = {
			isa = PBXSourcesBuildPhase;
			buildActionMask = 2147483647;
			files = (
				9791CFB92843EC8400C553BC /* CollegeDoriTests.swift in Sources */,
			);
			runOnlyForDeploymentPostprocessing = 0;
		};
		9791CFBA2843EC8400C553BC /* Sources */ = {
			isa = PBXSourcesBuildPhase;
			buildActionMask = 2147483647;
			files = (
				9791CFC52843EC8400C553BC /* CollegeDoriUITestsLaunchTests.swift in Sources */,
				9791CFC32843EC8400C553BC /* CollegeDoriUITests.swift in Sources */,
			);
			runOnlyForDeploymentPostprocessing = 0;
		};
/* End PBXSourcesBuildPhase section */

/* Begin PBXTargetDependency section */
		9791CFB62843EC8400C553BC /* PBXTargetDependency */ = {
			isa = PBXTargetDependency;
			target = 9791CF9D2843EC7D00C553BC /* CollegeDori */;
			targetProxy = 9791CFB52843EC8400C553BC /* PBXContainerItemProxy */;
		};
		9791CFC02843EC8400C553BC /* PBXTargetDependency */ = {
			isa = PBXTargetDependency;
			target = 9791CF9D2843EC7D00C553BC /* CollegeDori */;
			targetProxy = 9791CFBF2843EC8400C553BC /* PBXContainerItemProxy */;
		};
/* End PBXTargetDependency section */

/* Begin PBXVariantGroup section */
		9791CFA72843EC7D00C553BC /* Main.storyboard */ = {
			isa = PBXVariantGroup;
			children = (
				9791CFA82843EC7D00C553BC /* Base */,
			);
			name = Main.storyboard;
			sourceTree = "<group>";
		};
		9791CFAC2843EC8300C553BC /* LaunchScreen.storyboard */ = {
			isa = PBXVariantGroup;
			children = (
				9791CFAD2843EC8300C553BC /* Base */,
			);
			name = LaunchScreen.storyboard;
			sourceTree = "<group>";
		};
/* End PBXVariantGroup section */

/* Begin XCBuildConfiguration section */
		9791CFC62843EC8400C553BC /* Debug */ = {
			isa = XCBuildConfiguration;
			buildSettings = {
				ALWAYS_SEARCH_USER_PATHS = NO;
				CLANG_ANALYZER_NONNULL = YES;
				CLANG_ANALYZER_NUMBER_OBJECT_CONVERSION = YES_AGGRESSIVE;
				CLANG_CXX_LANGUAGE_STANDARD = "gnu++17";
				CLANG_ENABLE_MODULES = YES;
				CLANG_ENABLE_OBJC_ARC = YES;
				CLANG_ENABLE_OBJC_WEAK = YES;
				CLANG_WARN_BLOCK_CAPTURE_AUTORELEASING = YES;
				CLANG_WARN_BOOL_CONVERSION = YES;
				CLANG_WARN_COMMA = YES;
				CLANG_WARN_CONSTANT_CONVERSION = YES;
				CLANG_WARN_DEPRECATED_OBJC_IMPLEMENTATIONS = YES;
				CLANG_WARN_DIRECT_OBJC_ISA_USAGE = YES_ERROR;
				CLANG_WARN_DOCUMENTATION_COMMENTS = YES;
				CLANG_WARN_EMPTY_BODY = YES;
				CLANG_WARN_ENUM_CONVERSION = YES;
				CLANG_WARN_INFINITE_RECURSION = YES;
				CLANG_WARN_INT_CONVERSION = YES;
				CLANG_WARN_NON_LITERAL_NULL_CONVERSION = YES;
				CLANG_WARN_OBJC_IMPLICIT_RETAIN_SELF = YES;
				CLANG_WARN_OBJC_LITERAL_CONVERSION = YES;
				CLANG_WARN_OBJC_ROOT_CLASS = YES_ERROR;
				CLANG_WARN_QUOTED_INCLUDE_IN_FRAMEWORK_HEADER = YES;
				CLANG_WARN_RANGE_LOOP_ANALYSIS = YES;
				CLANG_WARN_STRICT_PROTOTYPES = YES;
				CLANG_WARN_SUSPICIOUS_MOVE = YES;
				CLANG_WARN_UNGUARDED_AVAILABILITY = YES_AGGRESSIVE;
				CLANG_WARN_UNREACHABLE_CODE = YES;
				CLANG_WARN__DUPLICATE_METHOD_MATCH = YES;
				COPY_PHASE_STRIP = NO;
				DEBUG_INFORMATION_FORMAT = dwarf;
				ENABLE_STRICT_OBJC_MSGSEND = YES;
				ENABLE_TESTABILITY = YES;
				GCC_C_LANGUAGE_STANDARD = gnu11;
				GCC_DYNAMIC_NO_PIC = NO;
				GCC_NO_COMMON_BLOCKS = YES;
				GCC_OPTIMIZATION_LEVEL = 0;
				GCC_PREPROCESSOR_DEFINITIONS = (
					"DEBUG=1",
					"$(inherited)",
				);
				GCC_WARN_64_TO_32_BIT_CONVERSION = YES;
				GCC_WARN_ABOUT_RETURN_TYPE = YES_ERROR;
				GCC_WARN_UNDECLARED_SELECTOR = YES;
				GCC_WARN_UNINITIALIZED_AUTOS = YES_AGGRESSIVE;
				GCC_WARN_UNUSED_FUNCTION = YES;
				GCC_WARN_UNUSED_VARIABLE = YES;
				IPHONEOS_DEPLOYMENT_TARGET = 15.4;
				MTL_ENABLE_DEBUG_INFO = INCLUDE_SOURCE;
				MTL_FAST_MATH = YES;
				ONLY_ACTIVE_ARCH = YES;
				SDKROOT = iphoneos;
				SWIFT_ACTIVE_COMPILATION_CONDITIONS = DEBUG;
				SWIFT_OPTIMIZATION_LEVEL = "-Onone";
			};
			name = Debug;
		};
		9791CFC72843EC8400C553BC /* Release */ = {
			isa = XCBuildConfiguration;
			buildSettings = {
				ALWAYS_SEARCH_USER_PATHS = NO;
				CLANG_ANALYZER_NONNULL = YES;
				CLANG_ANALYZER_NUMBER_OBJECT_CONVERSION = YES_AGGRESSIVE;
				CLANG_CXX_LANGUAGE_STANDARD = "gnu++17";
				CLANG_ENABLE_MODULES = YES;
				CLANG_ENABLE_OBJC_ARC = YES;
				CLANG_ENABLE_OBJC_WEAK = YES;
				CLANG_WARN_BLOCK_CAPTURE_AUTORELEASING = YES;
				CLANG_WARN_BOOL_CONVERSION = YES;
				CLANG_WARN_COMMA = YES;
				CLANG_WARN_CONSTANT_CONVERSION = YES;
				CLANG_WARN_DEPRECATED_OBJC_IMPLEMENTATIONS = YES;
				CLANG_WARN_DIRECT_OBJC_ISA_USAGE = YES_ERROR;
				CLANG_WARN_DOCUMENTATION_COMMENTS = YES;
				CLANG_WARN_EMPTY_BODY = YES;
				CLANG_WARN_ENUM_CONVERSION = YES;
				CLANG_WARN_INFINITE_RECURSION = YES;
				CLANG_WARN_INT_CONVERSION = YES;
				CLANG_WARN_NON_LITERAL_NULL_CONVERSION = YES;
				CLANG_WARN_OBJC_IMPLICIT_RETAIN_SELF = YES;
				CLANG_WARN_OBJC_LITERAL_CONVERSION = YES;
				CLANG_WARN_OBJC_ROOT_CLASS = YES_ERROR;
				CLANG_WARN_QUOTED_INCLUDE_IN_FRAMEWORK_HEADER = YES;
				CLANG_WARN_RANGE_LOOP_ANALYSIS = YES;
				CLANG_WARN_STRICT_PROTOTYPES = YES;
				CLANG_WARN_SUSPICIOUS_MOVE = YES;
				CLANG_WARN_UNGUARDED_AVAILABILITY = YES_AGGRESSIVE;
				CLANG_WARN_UNREACHABLE_CODE = YES;
				CLANG_WARN__DUPLICATE_METHOD_MATCH = YES;
				COPY_PHASE_STRIP = NO;
				DEBUG_INFORMATION_FORMAT = "dwarf-with-dsym";
				ENABLE_NS_ASSERTIONS = NO;
				ENABLE_STRICT_OBJC_MSGSEND = YES;
				GCC_C_LANGUAGE_STANDARD = gnu11;
				GCC_NO_COMMON_BLOCKS = YES;
				GCC_WARN_64_TO_32_BIT_CONVERSION = YES;
				GCC_WARN_ABOUT_RETURN_TYPE = YES_ERROR;
				GCC_WARN_UNDECLARED_SELECTOR = YES;
				GCC_WARN_UNINITIALIZED_AUTOS = YES_AGGRESSIVE;
				GCC_WARN_UNUSED_FUNCTION = YES;
				GCC_WARN_UNUSED_VARIABLE = YES;
				IPHONEOS_DEPLOYMENT_TARGET = 15.4;
				MTL_ENABLE_DEBUG_INFO = NO;
				MTL_FAST_MATH = YES;
				SDKROOT = iphoneos;
				SWIFT_COMPILATION_MODE = wholemodule;
				SWIFT_OPTIMIZATION_LEVEL = "-O";
				VALIDATE_PRODUCT = YES;
			};
			name = Release;
		};
		9791CFC92843EC8400C553BC /* Debug */ = {
			isa = XCBuildConfiguration;
			buildSettings = {
				ASSETCATALOG_COMPILER_APPICON_NAME = AppIcon;
				ASSETCATALOG_COMPILER_GLOBAL_ACCENT_COLOR_NAME = AccentColor;
				CODE_SIGN_STYLE = Automatic;
				CURRENT_PROJECT_VERSION = 1;
				GENERATE_INFOPLIST_FILE = YES;
				INFOPLIST_FILE = CollegeDori/Info.plist;
				INFOPLIST_KEY_UIApplicationSupportsIndirectInputEvents = YES;
				INFOPLIST_KEY_UILaunchStoryboardName = LaunchScreen;
				INFOPLIST_KEY_UIMainStoryboardFile = Main;
				INFOPLIST_KEY_UISupportedInterfaceOrientations_iPad = "UIInterfaceOrientationPortrait UIInterfaceOrientationPortraitUpsideDown UIInterfaceOrientationLandscapeLeft UIInterfaceOrientationLandscapeRight";
				INFOPLIST_KEY_UISupportedInterfaceOrientations_iPhone = "UIInterfaceOrientationPortrait UIInterfaceOrientationLandscapeLeft UIInterfaceOrientationLandscapeRight";
				LD_RUNPATH_SEARCH_PATHS = (
					"$(inherited)",
					"@executable_path/Frameworks",
				);
				MARKETING_VERSION = 1.0;
				PRODUCT_BUNDLE_IDENTIFIER = shay.CollegeDori;
				PRODUCT_NAME = "$(TARGET_NAME)";
				SWIFT_EMIT_LOC_STRINGS = YES;
				SWIFT_VERSION = 5.0;
				TARGETED_DEVICE_FAMILY = "1,2";
			};
			name = Debug;
		};
		9791CFCA2843EC8400C553BC /* Release */ = {
			isa = XCBuildConfiguration;
			buildSettings = {
				ASSETCATALOG_COMPILER_APPICON_NAME = AppIcon;
				ASSETCATALOG_COMPILER_GLOBAL_ACCENT_COLOR_NAME = AccentColor;
				CODE_SIGN_STYLE = Automatic;
				CURRENT_PROJECT_VERSION = 1;
				GENERATE_INFOPLIST_FILE = YES;
				INFOPLIST_FILE = CollegeDori/Info.plist;
				INFOPLIST_KEY_UIApplicationSupportsIndirectInputEvents = YES;
				INFOPLIST_KEY_UILaunchStoryboardName = LaunchScreen;
				INFOPLIST_KEY_UIMainStoryboardFile = Main;
				INFOPLIST_KEY_UISupportedInterfaceOrientations_iPad = "UIInterfaceOrientationPortrait UIInterfaceOrientationPortraitUpsideDown UIInterfaceOrientationLandscapeLeft UIInterfaceOrientationLandscapeRight";
				INFOPLIST_KEY_UISupportedInterfaceOrientations_iPhone = "UIInterfaceOrientationPortrait UIInterfaceOrientationLandscapeLeft UIInterfaceOrientationLandscapeRight";
				LD_RUNPATH_SEARCH_PATHS = (
					"$(inherited)",
					"@executable_path/Frameworks",
				);
				MARKETING_VERSION = 1.0;
				PRODUCT_BUNDLE_IDENTIFIER = shay.CollegeDori;
				PRODUCT_NAME = "$(TARGET_NAME)";
				SWIFT_EMIT_LOC_STRINGS = YES;
				SWIFT_VERSION = 5.0;
				TARGETED_DEVICE_FAMILY = "1,2";
			};
			name = Release;
		};
		9791CFCC2843EC8400C553BC /* Debug */ = {
			isa = XCBuildConfiguration;
			buildSettings = {
				ALWAYS_EMBED_SWIFT_STANDARD_LIBRARIES = YES;
				BUNDLE_LOADER = "$(TEST_HOST)";
				CODE_SIGN_STYLE = Automatic;
				CURRENT_PROJECT_VERSION = 1;
				GENERATE_INFOPLIST_FILE = YES;
				IPHONEOS_DEPLOYMENT_TARGET = 15.4;
				MARKETING_VERSION = 1.0;
				PRODUCT_BUNDLE_IDENTIFIER = shay.CollegeDoriTests;
				PRODUCT_NAME = "$(TARGET_NAME)";
				SWIFT_EMIT_LOC_STRINGS = NO;
				SWIFT_VERSION = 5.0;
				TARGETED_DEVICE_FAMILY = "1,2";
				TEST_HOST = "$(BUILT_PRODUCTS_DIR)/CollegeDori.app/CollegeDori";
			};
			name = Debug;
		};
		9791CFCD2843EC8400C553BC /* Release */ = {
			isa = XCBuildConfiguration;
			buildSettings = {
				ALWAYS_EMBED_SWIFT_STANDARD_LIBRARIES = YES;
				BUNDLE_LOADER = "$(TEST_HOST)";
				CODE_SIGN_STYLE = Automatic;
				CURRENT_PROJECT_VERSION = 1;
				GENERATE_INFOPLIST_FILE = YES;
				IPHONEOS_DEPLOYMENT_TARGET = 15.4;
				MARKETING_VERSION = 1.0;
				PRODUCT_BUNDLE_IDENTIFIER = shay.CollegeDoriTests;
				PRODUCT_NAME = "$(TARGET_NAME)";
				SWIFT_EMIT_LOC_STRINGS = NO;
				SWIFT_VERSION = 5.0;
				TARGETED_DEVICE_FAMILY = "1,2";
				TEST_HOST = "$(BUILT_PRODUCTS_DIR)/CollegeDori.app/CollegeDori";
			};
			name = Release;
		};
		9791CFCF2843EC8400C553BC /* Debug */ = {
			isa = XCBuildConfiguration;
			buildSettings = {
				ALWAYS_EMBED_SWIFT_STANDARD_LIBRARIES = YES;
				CODE_SIGN_STYLE = Automatic;
				CURRENT_PROJECT_VERSION = 1;
				GENERATE_INFOPLIST_FILE = YES;
				MARKETING_VERSION = 1.0;
				PRODUCT_BUNDLE_IDENTIFIER = shay.CollegeDoriUITests;
				PRODUCT_NAME = "$(TARGET_NAME)";
				SWIFT_EMIT_LOC_STRINGS = NO;
				SWIFT_VERSION = 5.0;
				TARGETED_DEVICE_FAMILY = "1,2";
				TEST_TARGET_NAME = CollegeDori;
			};
			name = Debug;
		};
		9791CFD02843EC8400C553BC /* Release */ = {
			isa = XCBuildConfiguration;
			buildSettings = {
				ALWAYS_EMBED_SWIFT_STANDARD_LIBRARIES = YES;
				CODE_SIGN_STYLE = Automatic;
				CURRENT_PROJECT_VERSION = 1;
				GENERATE_INFOPLIST_FILE = YES;
				MARKETING_VERSION = 1.0;
				PRODUCT_BUNDLE_IDENTIFIER = shay.CollegeDoriUITests;
				PRODUCT_NAME = "$(TARGET_NAME)";
				SWIFT_EMIT_LOC_STRINGS = NO;
				SWIFT_VERSION = 5.0;
				TARGETED_DEVICE_FAMILY = "1,2";
				TEST_TARGET_NAME = CollegeDori;
			};
			name = Release;
		};
/* End XCBuildConfiguration section */

/* Begin XCConfigurationList section */
		9791CF992843EC7D00C553BC /* Build configuration list for PBXProject "CollegeDori" */ = {
			isa = XCConfigurationList;
			buildConfigurations = (
				9791CFC62843EC8400C553BC /* Debug */,
				9791CFC72843EC8400C553BC /* Release */,
			);
			defaultConfigurationIsVisible = 0;
			defaultConfigurationName = Release;
		};
		9791CFC82843EC8400C553BC /* Build configuration list for PBXNativeTarget "CollegeDori" */ = {
			isa = XCConfigurationList;
			buildConfigurations = (
				9791CFC92843EC8400C553BC /* Debug */,
				9791CFCA2843EC8400C553BC /* Release */,
			);
			defaultConfigurationIsVisible = 0;
			defaultConfigurationName = Release;
		};
		9791CFCB2843EC8400C553BC /* Build configuration list for PBXNativeTarget "CollegeDoriTests" */ = {
			isa = XCConfigurationList;
			buildConfigurations = (
				9791CFCC2843EC8400C553BC /* Debug */,
				9791CFCD2843EC8400C553BC /* Release */,
			);
			defaultConfigurationIsVisible = 0;
			defaultConfigurationName = Release;
		};
		9791CFCE2843EC8400C553BC /* Build configuration list for PBXNativeTarget "CollegeDoriUITests" */ = {
			isa = XCConfigurationList;
			buildConfigurations = (
				9791CFCF2843EC8400C553BC /* Debug */,
				9791CFD02843EC8400C553BC /* Release */,
			);
			defaultConfigurationIsVisible = 0;
			defaultConfigurationName = Release;
		};
/* End XCConfigurationList section */
	};
	rootObject = 9791CF962843EC7D00C553BC /* Project object */;
}
